// !$*UTF8*$!
{
	archiveVersion = 1;
	classes = {
	};
	objectVersion = 52;
	objects = {

/* Begin PBXBuildFile section */
		292A517F2455AA4000B5B0B8 /* ContentView.swift in Sources */ = {isa = PBXBuildFile; fileRef = 292A517E2455AA4000B5B0B8 /* ContentView.swift */; };
		29F1D1A624520CAC0091D9BC /* AppDelegate.swift in Sources */ = {isa = PBXBuildFile; fileRef = 29F1D1A524520CAC0091D9BC /* AppDelegate.swift */; };
		29F1D1A824520CAC0091D9BC /* SceneDelegate.swift in Sources */ = {isa = PBXBuildFile; fileRef = 29F1D1A724520CAC0091D9BC /* SceneDelegate.swift */; };
		29F1D1AA24520CAC0091D9BC /* DetailView.swift in Sources */ = {isa = PBXBuildFile; fileRef = 29F1D1A924520CAC0091D9BC /* DetailView.swift */; };
		29F1D1AC24520CAF0091D9BC /* Assets.xcassets in Resources */ = {isa = PBXBuildFile; fileRef = 29F1D1AB24520CAF0091D9BC /* Assets.xcassets */; };
		29F1D1AF24520CAF0091D9BC /* Preview Assets.xcassets in Resources */ = {isa = PBXBuildFile; fileRef = 29F1D1AE24520CAF0091D9BC /* Preview Assets.xcassets */; };
		29F1D1B224520CAF0091D9BC /* LaunchScreen.storyboard in Resources */ = {isa = PBXBuildFile; fileRef = 29F1D1B024520CAF0091D9BC /* LaunchScreen.storyboard */; };
		29F1D1BD24520CAF0091D9BC /* ContentViewTestClass.swift in Sources */ = {isa = PBXBuildFile; fileRef = 29F1D1BC24520CAF0091D9BC /* ContentViewTestClass.swift */; };
		29F1D1D22452148D0091D9BC /* ViewInspector in Frameworks */ = {isa = PBXBuildFile; productRef = 29F1D1D12452148D0091D9BC /* ViewInspector */; };
		29F1D1D6245216D60091D9BC /* ListViewModel.swift in Sources */ = {isa = PBXBuildFile; fileRef = 29F1D1D5245216D60091D9BC /* ListViewModel.swift */; };
		29F1D1D9245217020091D9BC /* ListModel.swift in Sources */ = {isa = PBXBuildFile; fileRef = 29F1D1D8245217020091D9BC /* ListModel.swift */; };
		29F1D1DB24521E930091D9BC /* RandomRatingButtonView.swift in Sources */ = {isa = PBXBuildFile; fileRef = 29F1D1DA24521E930091D9BC /* RandomRatingButtonView.swift */; };
		29F1D1DD2452253F0091D9BC /* HeaderView.swift in Sources */ = {isa = PBXBuildFile; fileRef = 29F1D1DC2452253F0091D9BC /* HeaderView.swift */; };
		29F1D1DF245225690091D9BC /* CustomCell.swift in Sources */ = {isa = PBXBuildFile; fileRef = 29F1D1DE245225690091D9BC /* CustomCell.swift */; };
		29F1D1E2245228380091D9BC /* Color.swift in Sources */ = {isa = PBXBuildFile; fileRef = 29F1D1E1245228380091D9BC /* Color.swift */; };
/* End PBXBuildFile section */

/* Begin PBXContainerItemProxy section */
		29F1D1B924520CAF0091D9BC /* PBXContainerItemProxy */ = {
			isa = PBXContainerItemProxy;
			containerPortal = 29F1D19A24520CAC0091D9BC /* Project object */;
			proxyType = 1;
			remoteGlobalIDString = 29F1D1A124520CAC0091D9BC;
			remoteInfo = RandomListProject;
		};
/* End PBXContainerItemProxy section */

/* Begin PBXFileReference section */
		292A517E2455AA4000B5B0B8 /* ContentView.swift */ = {isa = PBXFileReference; lastKnownFileType = sourcecode.swift; path = ContentView.swift; sourceTree = "<group>"; };
		29F1D1A224520CAC0091D9BC /* RandomListProject.app */ = {isa = PBXFileReference; explicitFileType = wrapper.application; includeInIndex = 0; path = RandomListProject.app; sourceTree = BUILT_PRODUCTS_DIR; };
		29F1D1A524520CAC0091D9BC /* AppDelegate.swift */ = {isa = PBXFileReference; lastKnownFileType = sourcecode.swift; path = AppDelegate.swift; sourceTree = "<group>"; };
		29F1D1A724520CAC0091D9BC /* SceneDelegate.swift */ = {isa = PBXFileReference; lastKnownFileType = sourcecode.swift; path = SceneDelegate.swift; sourceTree = "<group>"; };
		29F1D1A924520CAC0091D9BC /* DetailView.swift */ = {isa = PBXFileReference; lastKnownFileType = sourcecode.swift; path = DetailView.swift; sourceTree = "<group>"; };
		29F1D1AB24520CAF0091D9BC /* Assets.xcassets */ = {isa = PBXFileReference; lastKnownFileType = folder.assetcatalog; path = Assets.xcassets; sourceTree = "<group>"; };
		29F1D1AE24520CAF0091D9BC /* Preview Assets.xcassets */ = {isa = PBXFileReference; lastKnownFileType = folder.assetcatalog; path = "Preview Assets.xcassets"; sourceTree = "<group>"; };
		29F1D1B124520CAF0091D9BC /* Base */ = {isa = PBXFileReference; lastKnownFileType = file.storyboard; name = Base; path = Base.lproj/LaunchScreen.storyboard; sourceTree = "<group>"; };
		29F1D1B324520CAF0091D9BC /* Info.plist */ = {isa = PBXFileReference; lastKnownFileType = text.plist.xml; path = Info.plist; sourceTree = "<group>"; };
		29F1D1B824520CAF0091D9BC /* RandomListProjectTests.xctest */ = {isa = PBXFileReference; explicitFileType = wrapper.cfbundle; includeInIndex = 0; path = RandomListProjectTests.xctest; sourceTree = BUILT_PRODUCTS_DIR; };
		29F1D1BC24520CAF0091D9BC /* ContentViewTestClass.swift */ = {isa = PBXFileReference; lastKnownFileType = sourcecode.swift; path = ContentViewTestClass.swift; sourceTree = "<group>"; };
		29F1D1BE24520CAF0091D9BC /* Info.plist */ = {isa = PBXFileReference; lastKnownFileType = text.plist.xml; path = Info.plist; sourceTree = "<group>"; };
		29F1D1D5245216D60091D9BC /* ListViewModel.swift */ = {isa = PBXFileReference; lastKnownFileType = sourcecode.swift; path = ListViewModel.swift; sourceTree = "<group>"; };
		29F1D1D8245217020091D9BC /* ListModel.swift */ = {isa = PBXFileReference; lastKnownFileType = sourcecode.swift; path = ListModel.swift; sourceTree = "<group>"; };
		29F1D1DA24521E930091D9BC /* RandomRatingButtonView.swift */ = {isa = PBXFileReference; lastKnownFileType = sourcecode.swift; path = RandomRatingButtonView.swift; sourceTree = "<group>"; };
		29F1D1DC2452253F0091D9BC /* HeaderView.swift */ = {isa = PBXFileReference; lastKnownFileType = sourcecode.swift; path = HeaderView.swift; sourceTree = "<group>"; };
		29F1D1DE245225690091D9BC /* CustomCell.swift */ = {isa = PBXFileReference; lastKnownFileType = sourcecode.swift; path = CustomCell.swift; sourceTree = "<group>"; };
		29F1D1E1245228380091D9BC /* Color.swift */ = {isa = PBXFileReference; lastKnownFileType = sourcecode.swift; path = Color.swift; sourceTree = "<group>"; };
/* End PBXFileReference section */

/* Begin PBXFrameworksBuildPhase section */
		29F1D19F24520CAC0091D9BC /* Frameworks */ = {
			isa = PBXFrameworksBuildPhase;
			buildActionMask = 2147483647;
			files = (
			);
			runOnlyForDeploymentPostprocessing = 0;
		};
		29F1D1B524520CAF0091D9BC /* Frameworks */ = {
			isa = PBXFrameworksBuildPhase;
			buildActionMask = 2147483647;
			files = (
				29F1D1D22452148D0091D9BC /* ViewInspector in Frameworks */,
			);
			runOnlyForDeploymentPostprocessing = 0;
		};
/* End PBXFrameworksBuildPhase section */

/* Begin PBXGroup section */
		29F1D19924520CAC0091D9BC = {
			isa = PBXGroup;
			children = (
				29F1D1A424520CAC0091D9BC /* RandomListProject */,
				29F1D1BB24520CAF0091D9BC /* RandomListProjectTests */,
				29F1D1A324520CAC0091D9BC /* Products */,
			);
			sourceTree = "<group>";
		};
		29F1D1A324520CAC0091D9BC /* Products */ = {
			isa = PBXGroup;
			children = (
				29F1D1A224520CAC0091D9BC /* RandomListProject.app */,
				29F1D1B824520CAF0091D9BC /* RandomListProjectTests.xctest */,
			);
			name = Products;
			sourceTree = "<group>";
		};
		29F1D1A424520CAC0091D9BC /* RandomListProject */ = {
			isa = PBXGroup;
			children = (
				29F1D1E0245228230091D9BC /* Extension */,
				29F1D1D7245216F20091D9BC /* Model */,
				29F1D1D42452165C0091D9BC /* Views */,
				29F1D1D32452164C0091D9BC /* ViewModels */,
				29F1D1A524520CAC0091D9BC /* AppDelegate.swift */,
				29F1D1A724520CAC0091D9BC /* SceneDelegate.swift */,
				29F1D1AB24520CAF0091D9BC /* Assets.xcassets */,
				29F1D1B024520CAF0091D9BC /* LaunchScreen.storyboard */,
				29F1D1B324520CAF0091D9BC /* Info.plist */,
				29F1D1AD24520CAF0091D9BC /* Preview Content */,
			);
			path = RandomListProject;
			sourceTree = "<group>";
		};
		29F1D1AD24520CAF0091D9BC /* Preview Content */ = {
			isa = PBXGroup;
			children = (
				29F1D1AE24520CAF0091D9BC /* Preview Assets.xcassets */,
			);
			path = "Preview Content";
			sourceTree = "<group>";
		};
		29F1D1BB24520CAF0091D9BC /* RandomListProjectTests */ = {
			isa = PBXGroup;
			children = (
				29F1D1BC24520CAF0091D9BC /* ContentViewTestClass.swift */,
				29F1D1BE24520CAF0091D9BC /* Info.plist */,
			);
			path = RandomListProjectTests;
			sourceTree = "<group>";
		};
		29F1D1D32452164C0091D9BC /* ViewModels */ = {
			isa = PBXGroup;
			children = (
				29F1D1D5245216D60091D9BC /* ListViewModel.swift */,
			);
			path = ViewModels;
			sourceTree = "<group>";
		};
		29F1D1D42452165C0091D9BC /* Views */ = {
			isa = PBXGroup;
			children = (
				29F1D1A924520CAC0091D9BC /* DetailView.swift */,
				29F1D1DA24521E930091D9BC /* RandomRatingButtonView.swift */,
				29F1D1DC2452253F0091D9BC /* HeaderView.swift */,
				29F1D1DE245225690091D9BC /* CustomCell.swift */,
				292A517E2455AA4000B5B0B8 /* ContentView.swift */,
			);
			path = Views;
			sourceTree = "<group>";
		};
		29F1D1D7245216F20091D9BC /* Model */ = {
			isa = PBXGroup;
			children = (
				29F1D1D8245217020091D9BC /* ListModel.swift */,
			);
			path = Model;
			sourceTree = "<group>";
		};
		29F1D1E0245228230091D9BC /* Extension */ = {
			isa = PBXGroup;
			children = (
				29F1D1E1245228380091D9BC /* Color.swift */,
			);
			path = Extension;
			sourceTree = "<group>";
		};
/* End PBXGroup section */

/* Begin PBXNativeTarget section */
		29F1D1A124520CAC0091D9BC /* RandomListProject */ = {
			isa = PBXNativeTarget;
			buildConfigurationList = 29F1D1C124520CAF0091D9BC /* Build configuration list for PBXNativeTarget "RandomListProject" */;
			buildPhases = (
				29F1D19E24520CAC0091D9BC /* Sources */,
				29F1D19F24520CAC0091D9BC /* Frameworks */,
				29F1D1A024520CAC0091D9BC /* Resources */,
			);
			buildRules = (
			);
			dependencies = (
			);
			name = RandomListProject;
			packageProductDependencies = (
			);
			productName = RandomListProject;
			productReference = 29F1D1A224520CAC0091D9BC /* RandomListProject.app */;
			productType = "com.apple.product-type.application";
		};
		29F1D1B724520CAF0091D9BC /* RandomListProjectTests */ = {
			isa = PBXNativeTarget;
			buildConfigurationList = 29F1D1C424520CAF0091D9BC /* Build configuration list for PBXNativeTarget "RandomListProjectTests" */;
			buildPhases = (
				29F1D1B424520CAF0091D9BC /* Sources */,
				29F1D1B524520CAF0091D9BC /* Frameworks */,
				29F1D1B624520CAF0091D9BC /* Resources */,
			);
			buildRules = (
			);
			dependencies = (
				29F1D1BA24520CAF0091D9BC /* PBXTargetDependency */,
			);
			name = RandomListProjectTests;
			packageProductDependencies = (
				29F1D1D12452148D0091D9BC /* ViewInspector */,
			);
			productName = RandomListProjectTests;
			productReference = 29F1D1B824520CAF0091D9BC /* RandomListProjectTests.xctest */;
			productType = "com.apple.product-type.bundle.unit-test";
		};
/* End PBXNativeTarget section */

/* Begin PBXProject section */
		29F1D19A24520CAC0091D9BC /* Project object */ = {
			isa = PBXProject;
			attributes = {
				LastSwiftUpdateCheck = 1130;
				LastUpgradeCheck = 1130;
				ORGANIZATIONNAME = Jagoth;
				TargetAttributes = {
					29F1D1A124520CAC0091D9BC = {
						CreatedOnToolsVersion = 11.3;
					};
					29F1D1B724520CAF0091D9BC = {
						CreatedOnToolsVersion = 11.3;
						TestTargetID = 29F1D1A124520CAC0091D9BC;
					};
				};
			};
			buildConfigurationList = 29F1D19D24520CAC0091D9BC /* Build configuration list for PBXProject "RandomListProject" */;
			compatibilityVersion = "Xcode 9.3";
			developmentRegion = en;
			hasScannedForEncodings = 0;
			knownRegions = (
				en,
				Base,
			);
			mainGroup = 29F1D19924520CAC0091D9BC;
			packageReferences = (
				29F1D1D02452148D0091D9BC /* XCRemoteSwiftPackageReference "ViewInspector" */,
			);
			productRefGroup = 29F1D1A324520CAC0091D9BC /* Products */;
			projectDirPath = "";
			projectRoot = "";
			targets = (
				29F1D1A124520CAC0091D9BC /* RandomListProject */,
				29F1D1B724520CAF0091D9BC /* RandomListProjectTests */,
			);
		};
/* End PBXProject section */

/* Begin PBXResourcesBuildPhase section */
		29F1D1A024520CAC0091D9BC /* Resources */ = {
			isa = PBXResourcesBuildPhase;
			buildActionMask = 2147483647;
			files = (
				29F1D1B224520CAF0091D9BC /* LaunchScreen.storyboard in Resources */,
				29F1D1AF24520CAF0091D9BC /* Preview Assets.xcassets in Resources */,
				29F1D1AC24520CAF0091D9BC /* Assets.xcassets in Resources */,
			);
			runOnlyForDeploymentPostprocessing = 0;
		};
		29F1D1B624520CAF0091D9BC /* Resources */ = {
			isa = PBXResourcesBuildPhase;
			buildActionMask = 2147483647;
			files = (
			);
			runOnlyForDeploymentPostprocessing = 0;
		};
/* End PBXResourcesBuildPhase section */

/* Begin PBXSourcesBuildPhase section */
		29F1D19E24520CAC0091D9BC /* Sources */ = {
			isa = PBXSourcesBuildPhase;
			buildActionMask = 2147483647;
			files = (
				29F1D1DB24521E930091D9BC /* RandomRatingButtonView.swift in Sources */,
				29F1D1A624520CAC0091D9BC /* AppDelegate.swift in Sources */,
				29F1D1A824520CAC0091D9BC /* SceneDelegate.swift in Sources */,
				29F1D1D6245216D60091D9BC /* ListViewModel.swift in Sources */,
				29F1D1AA24520CAC0091D9BC /* DetailView.swift in Sources */,
				29F1D1D9245217020091D9BC /* ListModel.swift in Sources */,
				292A517F2455AA4000B5B0B8 /* ContentView.swift in Sources */,
				29F1D1DF245225690091D9BC /* CustomCell.swift in Sources */,
				29F1D1DD2452253F0091D9BC /* HeaderView.swift in Sources */,
				29F1D1E2245228380091D9BC /* Color.swift in Sources */,
			);
			runOnlyForDeploymentPostprocessing = 0;
		};
		29F1D1B424520CAF0091D9BC /* Sources */ = {
			isa = PBXSourcesBuildPhase;
			buildActionMask = 2147483647;
			files = (
				29F1D1BD24520CAF0091D9BC /* ContentViewTestClass.swift in Sources */,
			);
			runOnlyForDeploymentPostprocessing = 0;
		};
/* End PBXSourcesBuildPhase section */

/* Begin PBXTargetDependency section */
		29F1D1BA24520CAF0091D9BC /* PBXTargetDependency */ = {
			isa = PBXTargetDependency;
			target = 29F1D1A124520CAC0091D9BC /* RandomListProject */;
			targetProxy = 29F1D1B924520CAF0091D9BC /* PBXContainerItemProxy */;
		};
/* End PBXTargetDependency section */

/* Begin PBXVariantGroup section */
		29F1D1B024520CAF0091D9BC /* LaunchScreen.storyboard */ = {
			isa = PBXVariantGroup;
			children = (
				29F1D1B124520CAF0091D9BC /* Base */,
			);
			name = LaunchScreen.storyboard;
			sourceTree = "<group>";
		};
/* End PBXVariantGroup section */

/* Begin XCBuildConfiguration section */
		29F1D1BF24520CAF0091D9BC /* Debug */ = {
			isa = XCBuildConfiguration;
			buildSettings = {
				ALWAYS_SEARCH_USER_PATHS = NO;
				CLANG_ANALYZER_NONNULL = YES;
				CLANG_ANALYZER_NUMBER_OBJECT_CONVERSION = YES_AGGRESSIVE;
				CLANG_CXX_LANGUAGE_STANDARD = "gnu++14";
				CLANG_CXX_LIBRARY = "libc++";
				CLANG_ENABLE_MODULES = YES;
				CLANG_ENABLE_OBJC_ARC = YES;
				CLANG_ENABLE_OBJC_WEAK = YES;
				CLANG_WARN_BLOCK_CAPTURE_AUTORELEASING = YES;
				CLANG_WARN_BOOL_CONVERSION = YES;
				CLANG_WARN_COMMA = YES;
				CLANG_WARN_CONSTANT_CONVERSION = YES;
				CLANG_WARN_DEPRECATED_OBJC_IMPLEMENTATIONS = YES;
				CLANG_WARN_DIRECT_OBJC_ISA_USAGE = YES_ERROR;
				CLANG_WARN_DOCUMENTATION_COMMENTS = YES;
				CLANG_WARN_EMPTY_BODY = YES;
				CLANG_WARN_ENUM_CONVERSION = YES;
				CLANG_WARN_INFINITE_RECURSION = YES;
				CLANG_WARN_INT_CONVERSION = YES;
				CLANG_WARN_NON_LITERAL_NULL_CONVERSION = YES;
				CLANG_WARN_OBJC_IMPLICIT_RETAIN_SELF = YES;
				CLANG_WARN_OBJC_LITERAL_CONVERSION = YES;
				CLANG_WARN_OBJC_ROOT_CLASS = YES_ERROR;
				CLANG_WARN_RANGE_LOOP_ANALYSIS = YES;
				CLANG_WARN_STRICT_PROTOTYPES = YES;
				CLANG_WARN_SUSPICIOUS_MOVE = YES;
				CLANG_WARN_UNGUARDED_AVAILABILITY = YES_AGGRESSIVE;
				CLANG_WARN_UNREACHABLE_CODE = YES;
				CLANG_WARN__DUPLICATE_METHOD_MATCH = YES;
				COPY_PHASE_STRIP = NO;
				DEBUG_INFORMATION_FORMAT = dwarf;
				ENABLE_STRICT_OBJC_MSGSEND = YES;
				ENABLE_TESTABILITY = YES;
				GCC_C_LANGUAGE_STANDARD = gnu11;
				GCC_DYNAMIC_NO_PIC = NO;
				GCC_NO_COMMON_BLOCKS = YES;
				GCC_OPTIMIZATION_LEVEL = 0;
				GCC_PREPROCESSOR_DEFINITIONS = (
					"DEBUG=1",
					"$(inherited)",
				);
				GCC_WARN_64_TO_32_BIT_CONVERSION = YES;
				GCC_WARN_ABOUT_RETURN_TYPE = YES_ERROR;
				GCC_WARN_UNDECLARED_SELECTOR = YES;
				GCC_WARN_UNINITIALIZED_AUTOS = YES_AGGRESSIVE;
				GCC_WARN_UNUSED_FUNCTION = YES;
				GCC_WARN_UNUSED_VARIABLE = YES;
				IPHONEOS_DEPLOYMENT_TARGET = 13.2;
				MTL_ENABLE_DEBUG_INFO = INCLUDE_SOURCE;
				MTL_FAST_MATH = YES;
				ONLY_ACTIVE_ARCH = YES;
				SDKROOT = iphoneos;
				SWIFT_ACTIVE_COMPILATION_CONDITIONS = DEBUG;
				SWIFT_OPTIMIZATION_LEVEL = "-Onone";
			};
			name = Debug;
		};
		29F1D1C024520CAF0091D9BC /* Release */ = {
			isa = XCBuildConfiguration;
			buildSettings = {
				ALWAYS_SEARCH_USER_PATHS = NO;
				CLANG_ANALYZER_NONNULL = YES;
				CLANG_ANALYZER_NUMBER_OBJECT_CONVERSION = YES_AGGRESSIVE;
				CLANG_CXX_LANGUAGE_STANDARD = "gnu++14";
				CLANG_CXX_LIBRARY = "libc++";
				CLANG_ENABLE_MODULES = YES;
				CLANG_ENABLE_OBJC_ARC = YES;
				CLANG_ENABLE_OBJC_WEAK = YES;
				CLANG_WARN_BLOCK_CAPTURE_AUTORELEASING = YES;
				CLANG_WARN_BOOL_CONVERSION = YES;
				CLANG_WARN_COMMA = YES;
				CLANG_WARN_CONSTANT_CONVERSION = YES;
				CLANG_WARN_DEPRECATED_OBJC_IMPLEMENTATIONS = YES;
				CLANG_WARN_DIRECT_OBJC_ISA_USAGE = YES_ERROR;
				CLANG_WARN_DOCUMENTATION_COMMENTS = YES;
				CLANG_WARN_EMPTY_BODY = YES;
				CLANG_WARN_ENUM_CONVERSION = YES;
				CLANG_WARN_INFINITE_RECURSION = YES;
				CLANG_WARN_INT_CONVERSION = YES;
				CLANG_WARN_NON_LITERAL_NULL_CONVERSION = YES;
				CLANG_WARN_OBJC_IMPLICIT_RETAIN_SELF = YES;
				CLANG_WARN_OBJC_LITERAL_CONVERSION = YES;
				CLANG_WARN_OBJC_ROOT_CLASS = YES_ERROR;
				CLANG_WARN_RANGE_LOOP_ANALYSIS = YES;
				CLANG_WARN_STRICT_PROTOTYPES = YES;
				CLANG_WARN_SUSPICIOUS_MOVE = YES;
				CLANG_WARN_UNGUARDED_AVAILABILITY = YES_AGGRESSIVE;
				CLANG_WARN_UNREACHABLE_CODE = YES;
				CLANG_WARN__DUPLICATE_METHOD_MATCH = YES;
				COPY_PHASE_STRIP = NO;
				DEBUG_INFORMATION_FORMAT = "dwarf-with-dsym";
				ENABLE_NS_ASSERTIONS = NO;
				ENABLE_STRICT_OBJC_MSGSEND = YES;
				GCC_C_LANGUAGE_STANDARD = gnu11;
				GCC_NO_COMMON_BLOCKS = YES;
				GCC_WARN_64_TO_32_BIT_CONVERSION = YES;
				GCC_WARN_ABOUT_RETURN_TYPE = YES_ERROR;
				GCC_WARN_UNDECLARED_SELECTOR = YES;
				GCC_WARN_UNINITIALIZED_AUTOS = YES_AGGRESSIVE;
				GCC_WARN_UNUSED_FUNCTION = YES;
				GCC_WARN_UNUSED_VARIABLE = YES;
				IPHONEOS_DEPLOYMENT_TARGET = 13.2;
				MTL_ENABLE_DEBUG_INFO = NO;
				MTL_FAST_MATH = YES;
				SDKROOT = iphoneos;
				SWIFT_COMPILATION_MODE = wholemodule;
				SWIFT_OPTIMIZATION_LEVEL = "-O";
				VALIDATE_PRODUCT = YES;
			};
			name = Release;
		};
		29F1D1C224520CAF0091D9BC /* Debug */ = {
			isa = XCBuildConfiguration;
			buildSettings = {
				ASSETCATALOG_COMPILER_APPICON_NAME = AppIcon;
				CODE_SIGN_STYLE = Automatic;
				DEVELOPMENT_ASSET_PATHS = "\"RandomListProject/Preview Content\"";
				DEVELOPMENT_TEAM = M38GB4L3DH;
				ENABLE_PREVIEWS = YES;
				INFOPLIST_FILE = RandomListProject/Info.plist;
				LD_RUNPATH_SEARCH_PATHS = (
					"$(inherited)",
					"@executable_path/Frameworks",
				);
				PRODUCT_BUNDLE_IDENTIFIER = com.app.RandomListProject;
				PRODUCT_NAME = "$(TARGET_NAME)";
				SWIFT_VERSION = 5.0;
				TARGETED_DEVICE_FAMILY = "1,2";
			};
			name = Debug;
		};
		29F1D1C324520CAF0091D9BC /* Release */ = {
			isa = XCBuildConfiguration;
			buildSettings = {
				ASSETCATALOG_COMPILER_APPICON_NAME = AppIcon;
				CODE_SIGN_STYLE = Automatic;
				DEVELOPMENT_ASSET_PATHS = "\"RandomListProject/Preview Content\"";
				DEVELOPMENT_TEAM = M38GB4L3DH;
				ENABLE_PREVIEWS = YES;
				INFOPLIST_FILE = RandomListProject/Info.plist;
				LD_RUNPATH_SEARCH_PATHS = (
					"$(inherited)",
					"@executable_path/Frameworks",
				);
				PRODUCT_BUNDLE_IDENTIFIER = com.app.RandomListProject;
				PRODUCT_NAME = "$(TARGET_NAME)";
				SWIFT_VERSION = 5.0;
				TARGETED_DEVICE_FAMILY = "1,2";
			};
			name = Release;
		};
		29F1D1C524520CAF0091D9BC /* Debug */ = {
			isa = XCBuildConfiguration;
			buildSettings = {
				ALWAYS_EMBED_SWIFT_STANDARD_LIBRARIES = YES;
				BUNDLE_LOADER = "$(TEST_HOST)";
				CODE_SIGN_STYLE = Automatic;
				DEVELOPMENT_TEAM = M38GB4L3DH;
				INFOPLIST_FILE = RandomListProjectTests/Info.plist;
				IPHONEOS_DEPLOYMENT_TARGET = 13.2;
				LD_RUNPATH_SEARCH_PATHS = (
					"$(inherited)",
					"@executable_path/Frameworks",
					"@loader_path/Frameworks",
				);
				PRODUCT_BUNDLE_IDENTIFIER = com.app.RandomListProjectTests;
				PRODUCT_NAME = "$(TARGET_NAME)";
				SWIFT_VERSION = 5.0;
				TARGETED_DEVICE_FAMILY = "1,2";
				TEST_HOST = "$(BUILT_PRODUCTS_DIR)/RandomListProject.app/RandomListProject";
			};
			name = Debug;
		};
		29F1D1C624520CAF0091D9BC /* Release */ = {
			isa = XCBuildConfiguration;
			buildSettings = {
				ALWAYS_EMBED_SWIFT_STANDARD_LIBRARIES = YES;
				BUNDLE_LOADER = "$(TEST_HOST)";
				CODE_SIGN_STYLE = Automatic;
				DEVELOPMENT_TEAM = M38GB4L3DH;
				INFOPLIST_FILE = RandomListProjectTests/Info.plist;
				IPHONEOS_DEPLOYMENT_TARGET = 13.2;
				LD_RUNPATH_SEARCH_PATHS = (
					"$(inherited)",
					"@executable_path/Frameworks",
					"@loader_path/Frameworks",
				);
				PRODUCT_BUNDLE_IDENTIFIER = com.app.RandomListProjectTests;
				PRODUCT_NAME = "$(TARGET_NAME)";
				SWIFT_VERSION = 5.0;
				TARGETED_DEVICE_FAMILY = "1,2";
				TEST_HOST = "$(BUILT_PRODUCTS_DIR)/RandomListProject.app/RandomListProject";
			};
			name = Release;
		};
/* End XCBuildConfiguration section */

/* Begin XCConfigurationList section */
		29F1D19D24520CAC0091D9BC /* Build configuration list for PBXProject "RandomListProject" */ = {
			isa = XCConfigurationList;
			buildConfigurations = (
				29F1D1BF24520CAF0091D9BC /* Debug */,
				29F1D1C024520CAF0091D9BC /* Release */,
			);
			defaultConfigurationIsVisible = 0;
			defaultConfigurationName = Release;
		};
		29F1D1C124520CAF0091D9BC /* Build configuration list for PBXNativeTarget "RandomListProject" */ = {
			isa = XCConfigurationList;
			buildConfigurations = (
				29F1D1C224520CAF0091D9BC /* Debug */,
				29F1D1C324520CAF0091D9BC /* Release */,
			);
			defaultConfigurationIsVisible = 0;
			defaultConfigurationName = Release;
		};
		29F1D1C424520CAF0091D9BC /* Build configuration list for PBXNativeTarget "RandomListProjectTests" */ = {
			isa = XCConfigurationList;
			buildConfigurations = (
				29F1D1C524520CAF0091D9BC /* Debug */,
				29F1D1C624520CAF0091D9BC /* Release */,
			);
			defaultConfigurationIsVisible = 0;
			defaultConfigurationName = Release;
		};
/* End XCConfigurationList section */

/* Begin XCRemoteSwiftPackageReference section */
		29F1D1D02452148D0091D9BC /* XCRemoteSwiftPackageReference "ViewInspector" */ = {
			isa = XCRemoteSwiftPackageReference;
			repositoryURL = "https://github.com/nalexn/ViewInspector.git";
			requirement = {
				kind = upToNextMajorVersion;
				minimumVersion = 0.3.11;
			};
		};
/* End XCRemoteSwiftPackageReference section */

/* Begin XCSwiftPackageProductDependency section */
		29F1D1D12452148D0091D9BC /* ViewInspector */ = {
			isa = XCSwiftPackageProductDependency;
			package = 29F1D1D02452148D0091D9BC /* XCRemoteSwiftPackageReference "ViewInspector" */;
			productName = ViewInspector;
		};
/* End XCSwiftPackageProductDependency section */
	};
	rootObject = 29F1D19A24520CAC0091D9BC /* Project object */;
}
